// !$*UTF8*$!
{
	archiveVersion = 1;
	classes = {
	};
	objectVersion = 56;
	objects = {

/* Begin PBXBuildFile section */
		0918684BAAD39E3F3BDD5290 /* Pods_CricFreak.framework in Frameworks */ = {isa = PBXBuildFile; fileRef = 116FCB9F6CFB5667CA0449C3 /* Pods_CricFreak.framework */; };
		84583133299B26FE003F06EB /* Home.storyboard in Resources */ = {isa = PBXBuildFile; fileRef = 84583132299B26FE003F06EB /* Home.storyboard */; };
		84583135299B2710003F06EB /* Matches.storyboard in Resources */ = {isa = PBXBuildFile; fileRef = 84583134299B2710003F06EB /* Matches.storyboard */; };
		84583137299B271F003F06EB /* Statistics.storyboard in Resources */ = {isa = PBXBuildFile; fileRef = 84583136299B271F003F06EB /* Statistics.storyboard */; };
		84583139299B2729003F06EB /* More.storyboard in Resources */ = {isa = PBXBuildFile; fileRef = 84583138299B2729003F06EB /* More.storyboard */; };
		8458313C299B8008003F06EB /* HomeVC.swift in Sources */ = {isa = PBXBuildFile; fileRef = 8458313B299B8008003F06EB /* HomeVC.swift */; };
		8458313F299B8A4D003F06EB /* MatchesVC.swift in Sources */ = {isa = PBXBuildFile; fileRef = 8458313E299B8A4D003F06EB /* MatchesVC.swift */; };
		84583143299BC530003F06EB /* ImageExtension.swift in Sources */ = {isa = PBXBuildFile; fileRef = 84583142299BC530003F06EB /* ImageExtension.swift */; };
		8458314D299C82B6003F06EB /* RecentContainerVC.swift in Sources */ = {isa = PBXBuildFile; fileRef = 8458314C299C82B6003F06EB /* RecentContainerVC.swift */; };
		8458314F299C82E1003F06EB /* UpcomingContainerVC.swift in Sources */ = {isa = PBXBuildFile; fileRef = 8458314E299C82E1003F06EB /* UpcomingContainerVC.swift */; };
		84583151299C82F6003F06EB /* LiveContainerVC.swift in Sources */ = {isa = PBXBuildFile; fileRef = 84583150299C82F6003F06EB /* LiveContainerVC.swift */; };
		84583153299C830F003F06EB /* HomeContainerVC.swift in Sources */ = {isa = PBXBuildFile; fileRef = 84583152299C830F003F06EB /* HomeContainerVC.swift */; };
		84583157299C84B9003F06EB /* RecentContainerViewModel.swift in Sources */ = {isa = PBXBuildFile; fileRef = 84583156299C84B9003F06EB /* RecentContainerViewModel.swift */; };
		8458315B299C8A62003F06EB /* RecentTblCell.swift in Sources */ = {isa = PBXBuildFile; fileRef = 84583159299C8A62003F06EB /* RecentTblCell.swift */; };
		8458315C299C8A62003F06EB /* RecentTblCell.xib in Resources */ = {isa = PBXBuildFile; fileRef = 8458315A299C8A62003F06EB /* RecentTblCell.xib */; };
		8458315F299C9233003F06EB /* Constants.swift in Sources */ = {isa = PBXBuildFile; fileRef = 8458315E299C9233003F06EB /* Constants.swift */; };
		84583161299C929C003F06EB /* RecentExtension.swift in Sources */ = {isa = PBXBuildFile; fileRef = 84583160299C929C003F06EB /* RecentExtension.swift */; };
		84583164299CB3D4003F06EB /* RecentModel.swift in Sources */ = {isa = PBXBuildFile; fileRef = 84583163299CB3D4003F06EB /* RecentModel.swift */; };
		84583166299CB4C9003F06EB /* HttpUtility.swift in Sources */ = {isa = PBXBuildFile; fileRef = 84583165299CB4C9003F06EB /* HttpUtility.swift */; };
		84583169299CB5AC003F06EB /* RecentMatchURL.swift in Sources */ = {isa = PBXBuildFile; fileRef = 84583168299CB5AC003F06EB /* RecentMatchURL.swift */; };
		8458316B299CC80D003F06EB /* ObservableObject.swift in Sources */ = {isa = PBXBuildFile; fileRef = 8458316A299CC80D003F06EB /* ObservableObject.swift */; };
		8458316D299CCD79003F06EB /* Adapter.swift in Sources */ = {isa = PBXBuildFile; fileRef = 8458316C299CCD79003F06EB /* Adapter.swift */; };
		8458316F299CCDBD003F06EB /* EasyRecentModel.swift in Sources */ = {isa = PBXBuildFile; fileRef = 8458316E299CCDBD003F06EB /* EasyRecentModel.swift */; };
		84583171299CD2A1003F06EB /* CountryFlagURL.swift in Sources */ = {isa = PBXBuildFile; fileRef = 84583170299CD2A1003F06EB /* CountryFlagURL.swift */; };
		84583173299CD3D8003F06EB /* CountryModel.swift in Sources */ = {isa = PBXBuildFile; fileRef = 84583172299CD3D8003F06EB /* CountryModel.swift */; };
		84583177299CD710003F06EB /* UpcomingTblCell.swift in Sources */ = {isa = PBXBuildFile; fileRef = 84583175299CD710003F06EB /* UpcomingTblCell.swift */; };
		84583178299CD710003F06EB /* UpcomingTblCell.xib in Resources */ = {isa = PBXBuildFile; fileRef = 84583176299CD710003F06EB /* UpcomingTblCell.xib */; };
		8458317A299CEA6E003F06EB /* UpcomingMatchURL.swift in Sources */ = {isa = PBXBuildFile; fileRef = 84583179299CEA6E003F06EB /* UpcomingMatchURL.swift */; };
		8458317D299CEB14003F06EB /* UpcomingContainerViewModel.swift in Sources */ = {isa = PBXBuildFile; fileRef = 8458317C299CEB14003F06EB /* UpcomingContainerViewModel.swift */; };
		8458317F299CFA71003F06EB /* UpcomingExtension.swift in Sources */ = {isa = PBXBuildFile; fileRef = 8458317E299CFA71003F06EB /* UpcomingExtension.swift */; };
		84583183299DFAED003F06EB /* CountryFlags.swift in Sources */ = {isa = PBXBuildFile; fileRef = 84583182299DFAED003F06EB /* CountryFlags.swift */; };
		84583185299E1D6B003F06EB /* TopCollCell.swift in Sources */ = {isa = PBXBuildFile; fileRef = 84583184299E1D6B003F06EB /* TopCollCell.swift */; };
		84583187299E20EE003F06EB /* HomeContainerExtension.swift in Sources */ = {isa = PBXBuildFile; fileRef = 84583186299E20EE003F06EB /* HomeContainerExtension.swift */; };
		84583189299F19E7003F06EB /* Details.storyboard in Resources */ = {isa = PBXBuildFile; fileRef = 84583188299F19E7003F06EB /* Details.storyboard */; };
		8458318D299F1B97003F06EB /* DetailsVC.swift in Sources */ = {isa = PBXBuildFile; fileRef = 8458318C299F1B97003F06EB /* DetailsVC.swift */; };
		8458318F299F30CA003F06EB /* HomeViewModel.swift in Sources */ = {isa = PBXBuildFile; fileRef = 8458318E299F30CA003F06EB /* HomeViewModel.swift */; };
		84583191299F326A003F06EB /* DetailsViewModel.swift in Sources */ = {isa = PBXBuildFile; fileRef = 84583190299F326A003F06EB /* DetailsViewModel.swift */; };
		8458319929A1E702003F06EB /* InfoVC.swift in Sources */ = {isa = PBXBuildFile; fileRef = 8458319829A1E702003F06EB /* InfoVC.swift */; };
		8458319B29A1E717003F06EB /* ScoreboardVC.swift in Sources */ = {isa = PBXBuildFile; fileRef = 8458319A29A1E717003F06EB /* ScoreboardVC.swift */; };
		8458319D29A1E727003F06EB /* SquadVC.swift in Sources */ = {isa = PBXBuildFile; fileRef = 8458319C29A1E727003F06EB /* SquadVC.swift */; };
		8458319F29A1EB44003F06EB /* InfoTVC.swift in Sources */ = {isa = PBXBuildFile; fileRef = 8458319E29A1EB44003F06EB /* InfoTVC.swift */; };
		845831A429A1F790003F06EB /* InfoViewModel.swift in Sources */ = {isa = PBXBuildFile; fileRef = 845831A329A1F790003F06EB /* InfoViewModel.swift */; };
		845831A629A2089A003F06EB /* InfoURL.swift in Sources */ = {isa = PBXBuildFile; fileRef = 845831A529A2089A003F06EB /* InfoURL.swift */; };
		845831A829A20936003F06EB /* InfoModel.swift in Sources */ = {isa = PBXBuildFile; fileRef = 845831A729A20936003F06EB /* InfoModel.swift */; };
		845831AA29A3149F003F06EB /* ScoreboardViewModel.swift in Sources */ = {isa = PBXBuildFile; fileRef = 845831A929A3149F003F06EB /* ScoreboardViewModel.swift */; };
		845831AC29A3212E003F06EB /* ScoreboardModel.swift in Sources */ = {isa = PBXBuildFile; fileRef = 845831AB29A3212E003F06EB /* ScoreboardModel.swift */; };
		845831AE29A32255003F06EB /* ScoreboardURL.swift in Sources */ = {isa = PBXBuildFile; fileRef = 845831AD29A32255003F06EB /* ScoreboardURL.swift */; };
		845831B229A3868E003F06EB /* ScoreboardTVC.swift in Sources */ = {isa = PBXBuildFile; fileRef = 845831B029A3868E003F06EB /* ScoreboardTVC.swift */; };
		845831B329A3868E003F06EB /* ScoreboardTVC.xib in Resources */ = {isa = PBXBuildFile; fileRef = 845831B129A3868E003F06EB /* ScoreboardTVC.xib */; };
		845831B529A3884C003F06EB /* ScoreboardExtension.swift in Sources */ = {isa = PBXBuildFile; fileRef = 845831B429A3884C003F06EB /* ScoreboardExtension.swift */; };
		845831B729A3AC56003F06EB /* EasyScoreboardModel.swift in Sources */ = {isa = PBXBuildFile; fileRef = 845831B629A3AC56003F06EB /* EasyScoreboardModel.swift */; };
		845831B929A48AB6003F06EB /* SquadModel.swift in Sources */ = {isa = PBXBuildFile; fileRef = 845831B829A48AB6003F06EB /* SquadModel.swift */; };
		845831BB29A48D0B003F06EB /* SquadViewModel.swift in Sources */ = {isa = PBXBuildFile; fileRef = 845831BA29A48D0B003F06EB /* SquadViewModel.swift */; };
		845831BD29A48D9E003F06EB /* SquadURL.swift in Sources */ = {isa = PBXBuildFile; fileRef = 845831BC29A48D9E003F06EB /* SquadURL.swift */; };
		845831C129A49018003F06EB /* SquadTVC.swift in Sources */ = {isa = PBXBuildFile; fileRef = 845831BF29A49018003F06EB /* SquadTVC.swift */; };
		845831C229A49018003F06EB /* SquadTVC.xib in Resources */ = {isa = PBXBuildFile; fileRef = 845831C029A49018003F06EB /* SquadTVC.xib */; };
		845831C429A4A025003F06EB /* SquadExtension.swift in Sources */ = {isa = PBXBuildFile; fileRef = 845831C329A4A025003F06EB /* SquadExtension.swift */; };
		845831C629A4AF76003F06EB /* EasySquadModel.swift in Sources */ = {isa = PBXBuildFile; fileRef = 845831C529A4AF76003F06EB /* EasySquadModel.swift */; };
		845831C829A4EB5B003F06EB /* DateManager.swift in Sources */ = {isa = PBXBuildFile; fileRef = 845831C729A4EB5B003F06EB /* DateManager.swift */; };
		845831CA29A5B4C9003F06EB /* LeagueModel.swift in Sources */ = {isa = PBXBuildFile; fileRef = 845831C929A5B4C9003F06EB /* LeagueModel.swift */; };
		845831CC29A5B500003F06EB /* LeagueURL.swift in Sources */ = {isa = PBXBuildFile; fileRef = 845831CB29A5B500003F06EB /* LeagueURL.swift */; };
		845831CF29A5B731003F06EB /* MatchesViewModel.swift in Sources */ = {isa = PBXBuildFile; fileRef = 845831CE29A5B731003F06EB /* MatchesViewModel.swift */; };
		845831D129A5BB9F003F06EB /* LeagueTVC.swift in Sources */ = {isa = PBXBuildFile; fileRef = 845831D029A5BB9F003F06EB /* LeagueTVC.swift */; };
		845831D529A5E3FC003F06EB /* SearchVC.swift in Sources */ = {isa = PBXBuildFile; fileRef = 845831D429A5E3FB003F06EB /* SearchVC.swift */; };
		845831D729A5E408003F06EB /* SearchViewModel.swift in Sources */ = {isa = PBXBuildFile; fileRef = 845831D629A5E408003F06EB /* SearchViewModel.swift */; };
		845831D929A5EDAA003F06EB /* SearchTVC.swift in Sources */ = {isa = PBXBuildFile; fileRef = 845831D829A5EDAA003F06EB /* SearchTVC.swift */; };
		845831DB29A60244003F06EB /* SearchModel.swift in Sources */ = {isa = PBXBuildFile; fileRef = 845831DA29A60244003F06EB /* SearchModel.swift */; };
		845831DD29A60515003F06EB /* SearchURL.swift in Sources */ = {isa = PBXBuildFile; fileRef = 845831DC29A60515003F06EB /* SearchURL.swift */; };
		845831DF29A60993003F06EB /* Repository.swift in Sources */ = {isa = PBXBuildFile; fileRef = 845831DE29A60993003F06EB /* Repository.swift */; };
		845831E229A60ACE003F06EB /* Players+CoreDataClass.swift in Sources */ = {isa = PBXBuildFile; fileRef = 845831E029A60ACE003F06EB /* Players+CoreDataClass.swift */; };
		845831E329A60ACE003F06EB /* Players+CoreDataProperties.swift in Sources */ = {isa = PBXBuildFile; fileRef = 845831E129A60ACE003F06EB /* Players+CoreDataProperties.swift */; };
		845831E529A60AEA003F06EB /* CoreDataManager.swift in Sources */ = {isa = PBXBuildFile; fileRef = 845831E429A60AEA003F06EB /* CoreDataManager.swift */; };
		845831E729A61464003F06EB /* EasySearchModel.swift in Sources */ = {isa = PBXBuildFile; fileRef = 845831E629A61464003F06EB /* EasySearchModel.swift */; };
		845831E929A724B1003F06EB /* PlayerCareer.swift in Sources */ = {isa = PBXBuildFile; fileRef = 845831E829A724B1003F06EB /* PlayerCareer.swift */; };
		845831EB29A72543003F06EB /* CareerModel.swift in Sources */ = {isa = PBXBuildFile; fileRef = 845831EA29A72543003F06EB /* CareerModel.swift */; };
		845831EF29A733C4003F06EB /* CareerVC.swift in Sources */ = {isa = PBXBuildFile; fileRef = 845831EE29A733C4003F06EB /* CareerVC.swift */; };
		845831F129A733E3003F06EB /* CareerViewModel.swift in Sources */ = {isa = PBXBuildFile; fileRef = 845831F029A733E3003F06EB /* CareerViewModel.swift */; };
		845831F329A73432003F06EB /* CareerTVC_one.swift in Sources */ = {isa = PBXBuildFile; fileRef = 845831F229A73432003F06EB /* CareerTVC_one.swift */; };
		845831F529A73FD8003F06EB /* CareerTVC_two.swift in Sources */ = {isa = PBXBuildFile; fileRef = 845831F429A73FD8003F06EB /* CareerTVC_two.swift */; };
		845831F729A75E17003F06EB /* CareerExtension.swift in Sources */ = {isa = PBXBuildFile; fileRef = 845831F629A75E17003F06EB /* CareerExtension.swift */; };
		845831F929A7869A003F06EB /* EasyCareerModel.swift in Sources */ = {isa = PBXBuildFile; fileRef = 845831F829A7869A003F06EB /* EasyCareerModel.swift */; };
		84FDA70F299A6016008543D2 /* AppDelegate.swift in Sources */ = {isa = PBXBuildFile; fileRef = 84FDA70E299A6016008543D2 /* AppDelegate.swift */; };
		84FDA711299A6016008543D2 /* SceneDelegate.swift in Sources */ = {isa = PBXBuildFile; fileRef = 84FDA710299A6016008543D2 /* SceneDelegate.swift */; };
		84FDA716299A6016008543D2 /* Main.storyboard in Resources */ = {isa = PBXBuildFile; fileRef = 84FDA714299A6016008543D2 /* Main.storyboard */; };
		84FDA719299A6016008543D2 /* CricFreak.xcdatamodeld in Sources */ = {isa = PBXBuildFile; fileRef = 84FDA717299A6016008543D2 /* CricFreak.xcdatamodeld */; };
		84FDA71B299A6016008543D2 /* Assets.xcassets in Resources */ = {isa = PBXBuildFile; fileRef = 84FDA71A299A6016008543D2 /* Assets.xcassets */; };
		84FDA71E299A6016008543D2 /* LaunchScreen.storyboard in Resources */ = {isa = PBXBuildFile; fileRef = 84FDA71C299A6016008543D2 /* LaunchScreen.storyboard */; };
/* End PBXBuildFile section */

/* Begin PBXFileReference section */
		116FCB9F6CFB5667CA0449C3 /* Pods_CricFreak.framework */ = {isa = PBXFileReference; explicitFileType = wrapper.framework; includeInIndex = 0; path = Pods_CricFreak.framework; sourceTree = BUILT_PRODUCTS_DIR; };
		15FCC5AB5495BB95040869C1 /* Pods-CricFreak.release.xcconfig */ = {isa = PBXFileReference; includeInIndex = 1; lastKnownFileType = text.xcconfig; name = "Pods-CricFreak.release.xcconfig"; path = "Target Support Files/Pods-CricFreak/Pods-CricFreak.release.xcconfig"; sourceTree = "<group>"; };
		82412A0FF8110C6D046F302D /* Pods-CricFreak.debug.xcconfig */ = {isa = PBXFileReference; includeInIndex = 1; lastKnownFileType = text.xcconfig; name = "Pods-CricFreak.debug.xcconfig"; path = "Target Support Files/Pods-CricFreak/Pods-CricFreak.debug.xcconfig"; sourceTree = "<group>"; };
		84583132299B26FE003F06EB /* Home.storyboard */ = {isa = PBXFileReference; lastKnownFileType = file.storyboard; path = Home.storyboard; sourceTree = "<group>"; };
		84583134299B2710003F06EB /* Matches.storyboard */ = {isa = PBXFileReference; lastKnownFileType = file.storyboard; path = Matches.storyboard; sourceTree = "<group>"; };
		84583136299B271F003F06EB /* Statistics.storyboard */ = {isa = PBXFileReference; lastKnownFileType = file.storyboard; path = Statistics.storyboard; sourceTree = "<group>"; };
		84583138299B2729003F06EB /* More.storyboard */ = {isa = PBXFileReference; lastKnownFileType = file.storyboard; path = More.storyboard; sourceTree = "<group>"; };
		8458313B299B8008003F06EB /* HomeVC.swift */ = {isa = PBXFileReference; lastKnownFileType = sourcecode.swift; path = HomeVC.swift; sourceTree = "<group>"; };
		8458313E299B8A4D003F06EB /* MatchesVC.swift */ = {isa = PBXFileReference; lastKnownFileType = sourcecode.swift; path = MatchesVC.swift; sourceTree = "<group>"; };
		84583142299BC530003F06EB /* ImageExtension.swift */ = {isa = PBXFileReference; lastKnownFileType = sourcecode.swift; path = ImageExtension.swift; sourceTree = "<group>"; };
		8458314C299C82B6003F06EB /* RecentContainerVC.swift */ = {isa = PBXFileReference; lastKnownFileType = sourcecode.swift; path = RecentContainerVC.swift; sourceTree = "<group>"; };
		8458314E299C82E1003F06EB /* UpcomingContainerVC.swift */ = {isa = PBXFileReference; lastKnownFileType = sourcecode.swift; path = UpcomingContainerVC.swift; sourceTree = "<group>"; };
		84583150299C82F6003F06EB /* LiveContainerVC.swift */ = {isa = PBXFileReference; lastKnownFileType = sourcecode.swift; path = LiveContainerVC.swift; sourceTree = "<group>"; };
		84583152299C830F003F06EB /* HomeContainerVC.swift */ = {isa = PBXFileReference; lastKnownFileType = sourcecode.swift; path = HomeContainerVC.swift; sourceTree = "<group>"; };
		84583156299C84B9003F06EB /* RecentContainerViewModel.swift */ = {isa = PBXFileReference; lastKnownFileType = sourcecode.swift; path = RecentContainerViewModel.swift; sourceTree = "<group>"; };
		84583159299C8A62003F06EB /* RecentTblCell.swift */ = {isa = PBXFileReference; lastKnownFileType = sourcecode.swift; path = RecentTblCell.swift; sourceTree = "<group>"; };
		8458315A299C8A62003F06EB /* RecentTblCell.xib */ = {isa = PBXFileReference; lastKnownFileType = file.xib; path = RecentTblCell.xib; sourceTree = "<group>"; };
		8458315E299C9233003F06EB /* Constants.swift */ = {isa = PBXFileReference; lastKnownFileType = sourcecode.swift; path = Constants.swift; sourceTree = "<group>"; };
		84583160299C929C003F06EB /* RecentExtension.swift */ = {isa = PBXFileReference; lastKnownFileType = sourcecode.swift; path = RecentExtension.swift; sourceTree = "<group>"; };
		84583163299CB3D4003F06EB /* RecentModel.swift */ = {isa = PBXFileReference; lastKnownFileType = sourcecode.swift; path = RecentModel.swift; sourceTree = "<group>"; };
		84583165299CB4C9003F06EB /* HttpUtility.swift */ = {isa = PBXFileReference; lastKnownFileType = sourcecode.swift; path = HttpUtility.swift; sourceTree = "<group>"; };
		84583168299CB5AC003F06EB /* RecentMatchURL.swift */ = {isa = PBXFileReference; lastKnownFileType = sourcecode.swift; path = RecentMatchURL.swift; sourceTree = "<group>"; };
		8458316A299CC80D003F06EB /* ObservableObject.swift */ = {isa = PBXFileReference; lastKnownFileType = sourcecode.swift; path = ObservableObject.swift; sourceTree = "<group>"; };
		8458316C299CCD79003F06EB /* Adapter.swift */ = {isa = PBXFileReference; lastKnownFileType = sourcecode.swift; path = Adapter.swift; sourceTree = "<group>"; };
		8458316E299CCDBD003F06EB /* EasyRecentModel.swift */ = {isa = PBXFileReference; lastKnownFileType = sourcecode.swift; path = EasyRecentModel.swift; sourceTree = "<group>"; };
		84583170299CD2A1003F06EB /* CountryFlagURL.swift */ = {isa = PBXFileReference; lastKnownFileType = sourcecode.swift; path = CountryFlagURL.swift; sourceTree = "<group>"; };
		84583172299CD3D8003F06EB /* CountryModel.swift */ = {isa = PBXFileReference; lastKnownFileType = sourcecode.swift; path = CountryModel.swift; sourceTree = "<group>"; };
		84583175299CD710003F06EB /* UpcomingTblCell.swift */ = {isa = PBXFileReference; lastKnownFileType = sourcecode.swift; path = UpcomingTblCell.swift; sourceTree = "<group>"; };
		84583176299CD710003F06EB /* UpcomingTblCell.xib */ = {isa = PBXFileReference; lastKnownFileType = file.xib; path = UpcomingTblCell.xib; sourceTree = "<group>"; };
		84583179299CEA6E003F06EB /* UpcomingMatchURL.swift */ = {isa = PBXFileReference; lastKnownFileType = sourcecode.swift; path = UpcomingMatchURL.swift; sourceTree = "<group>"; };
		8458317C299CEB14003F06EB /* UpcomingContainerViewModel.swift */ = {isa = PBXFileReference; lastKnownFileType = sourcecode.swift; path = UpcomingContainerViewModel.swift; sourceTree = "<group>"; };
		8458317E299CFA71003F06EB /* UpcomingExtension.swift */ = {isa = PBXFileReference; lastKnownFileType = sourcecode.swift; path = UpcomingExtension.swift; sourceTree = "<group>"; };
		84583182299DFAED003F06EB /* CountryFlags.swift */ = {isa = PBXFileReference; lastKnownFileType = sourcecode.swift; path = CountryFlags.swift; sourceTree = "<group>"; };
		84583184299E1D6B003F06EB /* TopCollCell.swift */ = {isa = PBXFileReference; lastKnownFileType = sourcecode.swift; path = TopCollCell.swift; sourceTree = "<group>"; };
		84583186299E20EE003F06EB /* HomeContainerExtension.swift */ = {isa = PBXFileReference; lastKnownFileType = sourcecode.swift; path = HomeContainerExtension.swift; sourceTree = "<group>"; };
		84583188299F19E7003F06EB /* Details.storyboard */ = {isa = PBXFileReference; lastKnownFileType = file.storyboard; path = Details.storyboard; sourceTree = "<group>"; };
		8458318C299F1B97003F06EB /* DetailsVC.swift */ = {isa = PBXFileReference; lastKnownFileType = sourcecode.swift; path = DetailsVC.swift; sourceTree = "<group>"; };
		8458318E299F30CA003F06EB /* HomeViewModel.swift */ = {isa = PBXFileReference; lastKnownFileType = sourcecode.swift; path = HomeViewModel.swift; sourceTree = "<group>"; };
		84583190299F326A003F06EB /* DetailsViewModel.swift */ = {isa = PBXFileReference; lastKnownFileType = sourcecode.swift; path = DetailsViewModel.swift; sourceTree = "<group>"; };
		8458319829A1E702003F06EB /* InfoVC.swift */ = {isa = PBXFileReference; lastKnownFileType = sourcecode.swift; path = InfoVC.swift; sourceTree = "<group>"; };
		8458319A29A1E717003F06EB /* ScoreboardVC.swift */ = {isa = PBXFileReference; lastKnownFileType = sourcecode.swift; path = ScoreboardVC.swift; sourceTree = "<group>"; };
		8458319C29A1E727003F06EB /* SquadVC.swift */ = {isa = PBXFileReference; lastKnownFileType = sourcecode.swift; path = SquadVC.swift; sourceTree = "<group>"; };
		8458319E29A1EB44003F06EB /* InfoTVC.swift */ = {isa = PBXFileReference; lastKnownFileType = sourcecode.swift; path = InfoTVC.swift; sourceTree = "<group>"; };
		845831A329A1F790003F06EB /* InfoViewModel.swift */ = {isa = PBXFileReference; lastKnownFileType = sourcecode.swift; path = InfoViewModel.swift; sourceTree = "<group>"; };
		845831A529A2089A003F06EB /* InfoURL.swift */ = {isa = PBXFileReference; lastKnownFileType = sourcecode.swift; path = InfoURL.swift; sourceTree = "<group>"; };
		845831A729A20936003F06EB /* InfoModel.swift */ = {isa = PBXFileReference; lastKnownFileType = sourcecode.swift; path = InfoModel.swift; sourceTree = "<group>"; };
		845831A929A3149F003F06EB /* ScoreboardViewModel.swift */ = {isa = PBXFileReference; lastKnownFileType = sourcecode.swift; path = ScoreboardViewModel.swift; sourceTree = "<group>"; };
		845831AB29A3212E003F06EB /* ScoreboardModel.swift */ = {isa = PBXFileReference; lastKnownFileType = sourcecode.swift; path = ScoreboardModel.swift; sourceTree = "<group>"; };
		845831AD29A32255003F06EB /* ScoreboardURL.swift */ = {isa = PBXFileReference; lastKnownFileType = sourcecode.swift; path = ScoreboardURL.swift; sourceTree = "<group>"; };
		845831B029A3868E003F06EB /* ScoreboardTVC.swift */ = {isa = PBXFileReference; lastKnownFileType = sourcecode.swift; path = ScoreboardTVC.swift; sourceTree = "<group>"; };
		845831B129A3868E003F06EB /* ScoreboardTVC.xib */ = {isa = PBXFileReference; lastKnownFileType = file.xib; path = ScoreboardTVC.xib; sourceTree = "<group>"; };
		845831B429A3884C003F06EB /* ScoreboardExtension.swift */ = {isa = PBXFileReference; lastKnownFileType = sourcecode.swift; path = ScoreboardExtension.swift; sourceTree = "<group>"; };
		845831B629A3AC56003F06EB /* EasyScoreboardModel.swift */ = {isa = PBXFileReference; lastKnownFileType = sourcecode.swift; path = EasyScoreboardModel.swift; sourceTree = "<group>"; };
		845831B829A48AB6003F06EB /* SquadModel.swift */ = {isa = PBXFileReference; lastKnownFileType = sourcecode.swift; path = SquadModel.swift; sourceTree = "<group>"; };
		845831BA29A48D0B003F06EB /* SquadViewModel.swift */ = {isa = PBXFileReference; lastKnownFileType = sourcecode.swift; path = SquadViewModel.swift; sourceTree = "<group>"; };
		845831BC29A48D9E003F06EB /* SquadURL.swift */ = {isa = PBXFileReference; lastKnownFileType = sourcecode.swift; path = SquadURL.swift; sourceTree = "<group>"; };
		845831BF29A49018003F06EB /* SquadTVC.swift */ = {isa = PBXFileReference; lastKnownFileType = sourcecode.swift; path = SquadTVC.swift; sourceTree = "<group>"; };
		845831C029A49018003F06EB /* SquadTVC.xib */ = {isa = PBXFileReference; lastKnownFileType = file.xib; path = SquadTVC.xib; sourceTree = "<group>"; };
		845831C329A4A025003F06EB /* SquadExtension.swift */ = {isa = PBXFileReference; lastKnownFileType = sourcecode.swift; path = SquadExtension.swift; sourceTree = "<group>"; };
		845831C529A4AF76003F06EB /* EasySquadModel.swift */ = {isa = PBXFileReference; lastKnownFileType = sourcecode.swift; path = EasySquadModel.swift; sourceTree = "<group>"; };
		845831C729A4EB5B003F06EB /* DateManager.swift */ = {isa = PBXFileReference; lastKnownFileType = sourcecode.swift; path = DateManager.swift; sourceTree = "<group>"; };
		845831C929A5B4C9003F06EB /* LeagueModel.swift */ = {isa = PBXFileReference; lastKnownFileType = sourcecode.swift; path = LeagueModel.swift; sourceTree = "<group>"; };
		845831CB29A5B500003F06EB /* LeagueURL.swift */ = {isa = PBXFileReference; lastKnownFileType = sourcecode.swift; path = LeagueURL.swift; sourceTree = "<group>"; };
		845831CE29A5B731003F06EB /* MatchesViewModel.swift */ = {isa = PBXFileReference; lastKnownFileType = sourcecode.swift; path = MatchesViewModel.swift; sourceTree = "<group>"; };
		845831D029A5BB9F003F06EB /* LeagueTVC.swift */ = {isa = PBXFileReference; lastKnownFileType = sourcecode.swift; path = LeagueTVC.swift; sourceTree = "<group>"; };
		845831D429A5E3FB003F06EB /* SearchVC.swift */ = {isa = PBXFileReference; lastKnownFileType = sourcecode.swift; path = SearchVC.swift; sourceTree = "<group>"; };
		845831D629A5E408003F06EB /* SearchViewModel.swift */ = {isa = PBXFileReference; lastKnownFileType = sourcecode.swift; path = SearchViewModel.swift; sourceTree = "<group>"; };
		845831D829A5EDAA003F06EB /* SearchTVC.swift */ = {isa = PBXFileReference; lastKnownFileType = sourcecode.swift; path = SearchTVC.swift; sourceTree = "<group>"; };
		845831DA29A60244003F06EB /* SearchModel.swift */ = {isa = PBXFileReference; lastKnownFileType = sourcecode.swift; path = SearchModel.swift; sourceTree = "<group>"; };
		845831DC29A60515003F06EB /* SearchURL.swift */ = {isa = PBXFileReference; lastKnownFileType = sourcecode.swift; path = SearchURL.swift; sourceTree = "<group>"; };
		845831DE29A60993003F06EB /* Repository.swift */ = {isa = PBXFileReference; lastKnownFileType = sourcecode.swift; path = Repository.swift; sourceTree = "<group>"; };
		845831E029A60ACE003F06EB /* Players+CoreDataClass.swift */ = {isa = PBXFileReference; lastKnownFileType = sourcecode.swift; path = "Players+CoreDataClass.swift"; sourceTree = "<group>"; };
		845831E129A60ACE003F06EB /* Players+CoreDataProperties.swift */ = {isa = PBXFileReference; lastKnownFileType = sourcecode.swift; path = "Players+CoreDataProperties.swift"; sourceTree = "<group>"; };
		845831E429A60AEA003F06EB /* CoreDataManager.swift */ = {isa = PBXFileReference; lastKnownFileType = sourcecode.swift; path = CoreDataManager.swift; sourceTree = "<group>"; };
		845831E629A61464003F06EB /* EasySearchModel.swift */ = {isa = PBXFileReference; lastKnownFileType = sourcecode.swift; path = EasySearchModel.swift; sourceTree = "<group>"; };
		845831E829A724B1003F06EB /* PlayerCareer.swift */ = {isa = PBXFileReference; lastKnownFileType = sourcecode.swift; path = PlayerCareer.swift; sourceTree = "<group>"; };
		845831EA29A72543003F06EB /* CareerModel.swift */ = {isa = PBXFileReference; lastKnownFileType = sourcecode.swift; path = CareerModel.swift; sourceTree = "<group>"; };
		845831EE29A733C4003F06EB /* CareerVC.swift */ = {isa = PBXFileReference; lastKnownFileType = sourcecode.swift; path = CareerVC.swift; sourceTree = "<group>"; };
		845831F029A733E3003F06EB /* CareerViewModel.swift */ = {isa = PBXFileReference; lastKnownFileType = sourcecode.swift; path = CareerViewModel.swift; sourceTree = "<group>"; };
		845831F229A73432003F06EB /* CareerTVC_one.swift */ = {isa = PBXFileReference; lastKnownFileType = sourcecode.swift; path = CareerTVC_one.swift; sourceTree = "<group>"; };
		845831F429A73FD8003F06EB /* CareerTVC_two.swift */ = {isa = PBXFileReference; lastKnownFileType = sourcecode.swift; path = CareerTVC_two.swift; sourceTree = "<group>"; };
		845831F629A75E17003F06EB /* CareerExtension.swift */ = {isa = PBXFileReference; lastKnownFileType = sourcecode.swift; path = CareerExtension.swift; sourceTree = "<group>"; };
		845831F829A7869A003F06EB /* EasyCareerModel.swift */ = {isa = PBXFileReference; lastKnownFileType = sourcecode.swift; path = EasyCareerModel.swift; sourceTree = "<group>"; };
		84FDA70B299A6016008543D2 /* CricFreak.app */ = {isa = PBXFileReference; explicitFileType = wrapper.application; includeInIndex = 0; path = CricFreak.app; sourceTree = BUILT_PRODUCTS_DIR; };
		84FDA70E299A6016008543D2 /* AppDelegate.swift */ = {isa = PBXFileReference; lastKnownFileType = sourcecode.swift; path = AppDelegate.swift; sourceTree = "<group>"; };
		84FDA710299A6016008543D2 /* SceneDelegate.swift */ = {isa = PBXFileReference; lastKnownFileType = sourcecode.swift; path = SceneDelegate.swift; sourceTree = "<group>"; };
		84FDA715299A6016008543D2 /* Base */ = {isa = PBXFileReference; lastKnownFileType = file.storyboard; name = Base; path = Base.lproj/Main.storyboard; sourceTree = "<group>"; };
		84FDA718299A6016008543D2 /* CricFreak.xcdatamodel */ = {isa = PBXFileReference; lastKnownFileType = wrapper.xcdatamodel; path = CricFreak.xcdatamodel; sourceTree = "<group>"; };
		84FDA71A299A6016008543D2 /* Assets.xcassets */ = {isa = PBXFileReference; lastKnownFileType = folder.assetcatalog; path = Assets.xcassets; sourceTree = "<group>"; };
		84FDA71D299A6016008543D2 /* Base */ = {isa = PBXFileReference; lastKnownFileType = file.storyboard; name = Base; path = Base.lproj/LaunchScreen.storyboard; sourceTree = "<group>"; };
		84FDA71F299A6016008543D2 /* Info.plist */ = {isa = PBXFileReference; lastKnownFileType = text.plist.xml; path = Info.plist; sourceTree = "<group>"; };
/* End PBXFileReference section */

/* Begin PBXFrameworksBuildPhase section */
		84FDA708299A6016008543D2 /* Frameworks */ = {
			isa = PBXFrameworksBuildPhase;
			buildActionMask = 2147483647;
			files = (
				0918684BAAD39E3F3BDD5290 /* Pods_CricFreak.framework in Frameworks */,
			);
			runOnlyForDeploymentPostprocessing = 0;
		};
/* End PBXFrameworksBuildPhase section */

/* Begin PBXGroup section */
		367D070A90884D2AFDB31C6E /* Frameworks */ = {
			isa = PBXGroup;
			children = (
				116FCB9F6CFB5667CA0449C3 /* Pods_CricFreak.framework */,
			);
			name = Frameworks;
			sourceTree = "<group>";
		};
		8458313A299B7FE3003F06EB /* Home */ = {
			isa = PBXGroup;
			children = (
				8458314B299C8260003F06EB /* RecentContainer */,
				8458314A299C8251003F06EB /* UpcomingContainer */,
				84583149299C8240003F06EB /* LiveContainer */,
				84583148299C8231003F06EB /* HomeContainer */,
				8458313B299B8008003F06EB /* HomeVC.swift */,
				84583142299BC530003F06EB /* ImageExtension.swift */,
			);
			path = Home;
			sourceTree = "<group>";
		};
		8458313D299B8A36003F06EB /* Matches */ = {
			isa = PBXGroup;
			children = (
				8458313E299B8A4D003F06EB /* MatchesVC.swift */,
				845831D029A5BB9F003F06EB /* LeagueTVC.swift */,
			);
			path = Matches;
			sourceTree = "<group>";
		};
		84583145299C7C98003F06EB /* Shared */ = {
			isa = PBXGroup;
			children = (
				84583167299CB585003F06EB /* UrlMaker */,
				8458315D299C9223003F06EB /* Constants */,
				84583165299CB4C9003F06EB /* HttpUtility.swift */,
				8458316A299CC80D003F06EB /* ObservableObject.swift */,
				8458316C299CCD79003F06EB /* Adapter.swift */,
				84583182299DFAED003F06EB /* CountryFlags.swift */,
				845831C729A4EB5B003F06EB /* DateManager.swift */,
				845831DE29A60993003F06EB /* Repository.swift */,
			);
			path = Shared;
			sourceTree = "<group>";
		};
		84583146299C7CA5003F06EB /* ViewModel */ = {
			isa = PBXGroup;
			children = (
				845831ED29A73380003F06EB /* More */,
				845831D329A5E3D5003F06EB /* SearchPlayer */,
				845831CD29A5B6A4003F06EB /* Matches */,
				8458318B299F1B67003F06EB /* Details */,
				84583154299C8448003F06EB /* Home */,
			);
			path = ViewModel;
			sourceTree = "<group>";
		};
		84583147299C7CB0003F06EB /* Model */ = {
			isa = PBXGroup;
			children = (
				84583162299CB3BC003F06EB /* DataModels */,
			);
			path = Model;
			sourceTree = "<group>";
		};
		84583148299C8231003F06EB /* HomeContainer */ = {
			isa = PBXGroup;
			children = (
				84583152299C830F003F06EB /* HomeContainerVC.swift */,
				84583184299E1D6B003F06EB /* TopCollCell.swift */,
				84583186299E20EE003F06EB /* HomeContainerExtension.swift */,
			);
			path = HomeContainer;
			sourceTree = "<group>";
		};
		84583149299C8240003F06EB /* LiveContainer */ = {
			isa = PBXGroup;
			children = (
				84583150299C82F6003F06EB /* LiveContainerVC.swift */,
			);
			path = LiveContainer;
			sourceTree = "<group>";
		};
		8458314A299C8251003F06EB /* UpcomingContainer */ = {
			isa = PBXGroup;
			children = (
				84583174299CD6EA003F06EB /* Xib */,
				8458314E299C82E1003F06EB /* UpcomingContainerVC.swift */,
				8458317E299CFA71003F06EB /* UpcomingExtension.swift */,
			);
			path = UpcomingContainer;
			sourceTree = "<group>";
		};
		8458314B299C8260003F06EB /* RecentContainer */ = {
			isa = PBXGroup;
			children = (
				84583158299C8A22003F06EB /* Xib */,
				8458314C299C82B6003F06EB /* RecentContainerVC.swift */,
				84583160299C929C003F06EB /* RecentExtension.swift */,
			);
			path = RecentContainer;
			sourceTree = "<group>";
		};
		84583154299C8448003F06EB /* Home */ = {
			isa = PBXGroup;
			children = (
				8458317B299CEAF5003F06EB /* UpcomingContainer */,
				84583155299C846C003F06EB /* RecentContainer */,
				8458318E299F30CA003F06EB /* HomeViewModel.swift */,
			);
			path = Home;
			sourceTree = "<group>";
		};
		84583155299C846C003F06EB /* RecentContainer */ = {
			isa = PBXGroup;
			children = (
				84583156299C84B9003F06EB /* RecentContainerViewModel.swift */,
			);
			path = RecentContainer;
			sourceTree = "<group>";
		};
		84583158299C8A22003F06EB /* Xib */ = {
			isa = PBXGroup;
			children = (
				84583159299C8A62003F06EB /* RecentTblCell.swift */,
				8458315A299C8A62003F06EB /* RecentTblCell.xib */,
			);
			path = Xib;
			sourceTree = "<group>";
		};
		8458315D299C9223003F06EB /* Constants */ = {
			isa = PBXGroup;
			children = (
				8458315E299C9233003F06EB /* Constants.swift */,
			);
			path = Constants;
			sourceTree = "<group>";
		};
		84583162299CB3BC003F06EB /* DataModels */ = {
			isa = PBXGroup;
			children = (
				84583163299CB3D4003F06EB /* RecentModel.swift */,
				8458316E299CCDBD003F06EB /* EasyRecentModel.swift */,
				84583172299CD3D8003F06EB /* CountryModel.swift */,
				845831A729A20936003F06EB /* InfoModel.swift */,
				845831AB29A3212E003F06EB /* ScoreboardModel.swift */,
				845831B629A3AC56003F06EB /* EasyScoreboardModel.swift */,
				845831B829A48AB6003F06EB /* SquadModel.swift */,
				845831C529A4AF76003F06EB /* EasySquadModel.swift */,
				845831C929A5B4C9003F06EB /* LeagueModel.swift */,
				845831DA29A60244003F06EB /* SearchModel.swift */,
				845831E629A61464003F06EB /* EasySearchModel.swift */,
				845831EA29A72543003F06EB /* CareerModel.swift */,
				845831F829A7869A003F06EB /* EasyCareerModel.swift */,
			);
			path = DataModels;
			sourceTree = "<group>";
		};
		84583167299CB585003F06EB /* UrlMaker */ = {
			isa = PBXGroup;
			children = (
				84583168299CB5AC003F06EB /* RecentMatchURL.swift */,
				84583170299CD2A1003F06EB /* CountryFlagURL.swift */,
				84583179299CEA6E003F06EB /* UpcomingMatchURL.swift */,
				845831A529A2089A003F06EB /* InfoURL.swift */,
				845831AD29A32255003F06EB /* ScoreboardURL.swift */,
				845831BC29A48D9E003F06EB /* SquadURL.swift */,
				845831CB29A5B500003F06EB /* LeagueURL.swift */,
				845831DC29A60515003F06EB /* SearchURL.swift */,
				845831E829A724B1003F06EB /* PlayerCareer.swift */,
			);
			path = UrlMaker;
			sourceTree = "<group>";
		};
		84583174299CD6EA003F06EB /* Xib */ = {
			isa = PBXGroup;
			children = (
				84583175299CD710003F06EB /* UpcomingTblCell.swift */,
				84583176299CD710003F06EB /* UpcomingTblCell.xib */,
			);
			path = Xib;
			sourceTree = "<group>";
		};
		8458317B299CEAF5003F06EB /* UpcomingContainer */ = {
			isa = PBXGroup;
			children = (
				8458317C299CEB14003F06EB /* UpcomingContainerViewModel.swift */,
			);
			path = UpcomingContainer;
			sourceTree = "<group>";
		};
		8458318A299F1B2E003F06EB /* Details */ = {
			isa = PBXGroup;
			children = (
				8458319729A1E6E2003F06EB /* Squad */,
				8458319629A1E6D7003F06EB /* Scoreboard */,
				8458319529A1E6CF003F06EB /* Info */,
				8458318C299F1B97003F06EB /* DetailsVC.swift */,
			);
			path = Details;
			sourceTree = "<group>";
		};
		8458318B299F1B67003F06EB /* Details */ = {
			isa = PBXGroup;
			children = (
				845831A229A1F76B003F06EB /* Squad */,
				845831A129A1F760003F06EB /* Scoreboard */,
				845831A029A1F757003F06EB /* Info */,
				84583190299F326A003F06EB /* DetailsViewModel.swift */,
			);
			path = Details;
			sourceTree = "<group>";
		};
		8458319529A1E6CF003F06EB /* Info */ = {
			isa = PBXGroup;
			children = (
				8458319829A1E702003F06EB /* InfoVC.swift */,
				8458319E29A1EB44003F06EB /* InfoTVC.swift */,
			);
			path = Info;
			sourceTree = "<group>";
		};
		8458319629A1E6D7003F06EB /* Scoreboard */ = {
			isa = PBXGroup;
			children = (
				845831AF29A38661003F06EB /* Xib */,
				8458319A29A1E717003F06EB /* ScoreboardVC.swift */,
				845831B429A3884C003F06EB /* ScoreboardExtension.swift */,
			);
			path = Scoreboard;
			sourceTree = "<group>";
		};
		8458319729A1E6E2003F06EB /* Squad */ = {
			isa = PBXGroup;
			children = (
				845831BE29A48FF7003F06EB /* Xib */,
				8458319C29A1E727003F06EB /* SquadVC.swift */,
				845831C329A4A025003F06EB /* SquadExtension.swift */,
			);
			path = Squad;
			sourceTree = "<group>";
		};
		845831A029A1F757003F06EB /* Info */ = {
			isa = PBXGroup;
			children = (
				845831A329A1F790003F06EB /* InfoViewModel.swift */,
			);
			path = Info;
			sourceTree = "<group>";
		};
		845831A129A1F760003F06EB /* Scoreboard */ = {
			isa = PBXGroup;
			children = (
				845831A929A3149F003F06EB /* ScoreboardViewModel.swift */,
			);
			path = Scoreboard;
			sourceTree = "<group>";
		};
		845831A229A1F76B003F06EB /* Squad */ = {
			isa = PBXGroup;
			children = (
				845831BA29A48D0B003F06EB /* SquadViewModel.swift */,
			);
			path = Squad;
			sourceTree = "<group>";
		};
		845831AF29A38661003F06EB /* Xib */ = {
			isa = PBXGroup;
			children = (
				845831B029A3868E003F06EB /* ScoreboardTVC.swift */,
				845831B129A3868E003F06EB /* ScoreboardTVC.xib */,
			);
			path = Xib;
			sourceTree = "<group>";
		};
		845831BE29A48FF7003F06EB /* Xib */ = {
			isa = PBXGroup;
			children = (
				845831BF29A49018003F06EB /* SquadTVC.swift */,
				845831C029A49018003F06EB /* SquadTVC.xib */,
			);
			path = Xib;
			sourceTree = "<group>";
		};
		845831CD29A5B6A4003F06EB /* Matches */ = {
			isa = PBXGroup;
			children = (
				845831CE29A5B731003F06EB /* MatchesViewModel.swift */,
			);
			path = Matches;
			sourceTree = "<group>";
		};
		845831D229A5E3C4003F06EB /* SearchPlayer */ = {
			isa = PBXGroup;
			children = (
				845831D429A5E3FB003F06EB /* SearchVC.swift */,
				845831D829A5EDAA003F06EB /* SearchTVC.swift */,
			);
			path = SearchPlayer;
			sourceTree = "<group>";
		};
		845831D329A5E3D5003F06EB /* SearchPlayer */ = {
			isa = PBXGroup;
			children = (
				845831D629A5E408003F06EB /* SearchViewModel.swift */,
			);
			path = SearchPlayer;
			sourceTree = "<group>";
		};
		845831EC29A7336C003F06EB /* More */ = {
			isa = PBXGroup;
			children = (
				845831EE29A733C4003F06EB /* CareerVC.swift */,
				845831F229A73432003F06EB /* CareerTVC_one.swift */,
				845831F429A73FD8003F06EB /* CareerTVC_two.swift */,
				845831F629A75E17003F06EB /* CareerExtension.swift */,
			);
			path = More;
			sourceTree = "<group>";
		};
		845831ED29A73380003F06EB /* More */ = {
			isa = PBXGroup;
			children = (
				845831F029A733E3003F06EB /* CareerViewModel.swift */,
			);
			path = More;
			sourceTree = "<group>";
		};
		84FDA702299A6016008543D2 = {
			isa = PBXGroup;
			children = (
				84FDA70D299A6016008543D2 /* CricFreak */,
				84FDA70C299A6016008543D2 /* Products */,
				D18AE159F5BC46494756A6E3 /* Pods */,
				367D070A90884D2AFDB31C6E /* Frameworks */,
			);
			sourceTree = "<group>";
		};
		84FDA70C299A6016008543D2 /* Products */ = {
			isa = PBXGroup;
			children = (
				84FDA70B299A6016008543D2 /* CricFreak.app */,
			);
			name = Products;
			sourceTree = "<group>";
		};
		84FDA70D299A6016008543D2 /* CricFreak */ = {
			isa = PBXGroup;
			children = (
				84583147299C7CB0003F06EB /* Model */,
				84583146299C7CA5003F06EB /* ViewModel */,
				84583145299C7C98003F06EB /* Shared */,
				84FDA72A299A66B8008543D2 /* CoreData */,
				84FDA726299A6661008543D2 /* View */,
				84FDA725299A65A6008543D2 /* Delegate */,
				84FDA729299A66A6008543D2 /* Storyboards */,
				84FDA71A299A6016008543D2 /* Assets.xcassets */,
				84FDA71F299A6016008543D2 /* Info.plist */,
			);
			path = CricFreak;
			sourceTree = "<group>";
		};
		84FDA725299A65A6008543D2 /* Delegate */ = {
			isa = PBXGroup;
			children = (
				84FDA70E299A6016008543D2 /* AppDelegate.swift */,
				84FDA710299A6016008543D2 /* SceneDelegate.swift */,
			);
			path = Delegate;
			sourceTree = "<group>";
		};
		84FDA726299A6661008543D2 /* View */ = {
			isa = PBXGroup;
			children = (
				845831EC29A7336C003F06EB /* More */,
				845831D229A5E3C4003F06EB /* SearchPlayer */,
				8458318A299F1B2E003F06EB /* Details */,
				8458313D299B8A36003F06EB /* Matches */,
				8458313A299B7FE3003F06EB /* Home */,
			);
			path = View;
			sourceTree = "<group>";
		};
		84FDA729299A66A6008543D2 /* Storyboards */ = {
			isa = PBXGroup;
			children = (
				84FDA714299A6016008543D2 /* Main.storyboard */,
				84FDA71C299A6016008543D2 /* LaunchScreen.storyboard */,
				84583132299B26FE003F06EB /* Home.storyboard */,
				84583134299B2710003F06EB /* Matches.storyboard */,
				84583136299B271F003F06EB /* Statistics.storyboard */,
				84583138299B2729003F06EB /* More.storyboard */,
				84583188299F19E7003F06EB /* Details.storyboard */,
			);
			path = Storyboards;
			sourceTree = "<group>";
		};
		84FDA72A299A66B8008543D2 /* CoreData */ = {
			isa = PBXGroup;
			children = (
				845831E029A60ACE003F06EB /* Players+CoreDataClass.swift */,
				845831E129A60ACE003F06EB /* Players+CoreDataProperties.swift */,
				84FDA717299A6016008543D2 /* CricFreak.xcdatamodeld */,
				845831E429A60AEA003F06EB /* CoreDataManager.swift */,
			);
			path = CoreData;
			sourceTree = "<group>";
		};
		D18AE159F5BC46494756A6E3 /* Pods */ = {
			isa = PBXGroup;
			children = (
				82412A0FF8110C6D046F302D /* Pods-CricFreak.debug.xcconfig */,
				15FCC5AB5495BB95040869C1 /* Pods-CricFreak.release.xcconfig */,
			);
			path = Pods;
			sourceTree = "<group>";
		};
/* End PBXGroup section */

/* Begin PBXNativeTarget section */
		84FDA70A299A6016008543D2 /* CricFreak */ = {
			isa = PBXNativeTarget;
			buildConfigurationList = 84FDA722299A6016008543D2 /* Build configuration list for PBXNativeTarget "CricFreak" */;
			buildPhases = (
				8958793775D97C36778F879A /* [CP] Check Pods Manifest.lock */,
				84FDA707299A6016008543D2 /* Sources */,
				84FDA708299A6016008543D2 /* Frameworks */,
				84FDA709299A6016008543D2 /* Resources */,
				17698E4A67386BF45D95AD25 /* [CP] Embed Pods Frameworks */,
			);
			buildRules = (
			);
			dependencies = (
			);
			name = CricFreak;
			productName = CricFreak;
			productReference = 84FDA70B299A6016008543D2 /* CricFreak.app */;
			productType = "com.apple.product-type.application";
		};
/* End PBXNativeTarget section */

/* Begin PBXProject section */
		84FDA703299A6016008543D2 /* Project object */ = {
			isa = PBXProject;
			attributes = {
				BuildIndependentTargetsInParallel = 1;
				LastSwiftUpdateCheck = 1420;
				LastUpgradeCheck = 1420;
				TargetAttributes = {
					84FDA70A299A6016008543D2 = {
						CreatedOnToolsVersion = 14.2;
					};
				};
			};
			buildConfigurationList = 84FDA706299A6016008543D2 /* Build configuration list for PBXProject "CricFreak" */;
			compatibilityVersion = "Xcode 14.0";
			developmentRegion = en;
			hasScannedForEncodings = 0;
			knownRegions = (
				en,
				Base,
			);
			mainGroup = 84FDA702299A6016008543D2;
			productRefGroup = 84FDA70C299A6016008543D2 /* Products */;
			projectDirPath = "";
			projectRoot = "";
			targets = (
				84FDA70A299A6016008543D2 /* CricFreak */,
			);
		};
/* End PBXProject section */

/* Begin PBXResourcesBuildPhase section */
		84FDA709299A6016008543D2 /* Resources */ = {
			isa = PBXResourcesBuildPhase;
			buildActionMask = 2147483647;
			files = (
				84FDA71E299A6016008543D2 /* LaunchScreen.storyboard in Resources */,
				84FDA71B299A6016008543D2 /* Assets.xcassets in Resources */,
				84583139299B2729003F06EB /* More.storyboard in Resources */,
				845831B329A3868E003F06EB /* ScoreboardTVC.xib in Resources */,
				84583135299B2710003F06EB /* Matches.storyboard in Resources */,
				84583137299B271F003F06EB /* Statistics.storyboard in Resources */,
				84583189299F19E7003F06EB /* Details.storyboard in Resources */,
				84583178299CD710003F06EB /* UpcomingTblCell.xib in Resources */,
				845831C229A49018003F06EB /* SquadTVC.xib in Resources */,
				8458315C299C8A62003F06EB /* RecentTblCell.xib in Resources */,
				84FDA716299A6016008543D2 /* Main.storyboard in Resources */,
				84583133299B26FE003F06EB /* Home.storyboard in Resources */,
			);
			runOnlyForDeploymentPostprocessing = 0;
		};
/* End PBXResourcesBuildPhase section */

/* Begin PBXShellScriptBuildPhase section */
		17698E4A67386BF45D95AD25 /* [CP] Embed Pods Frameworks */ = {
			isa = PBXShellScriptBuildPhase;
			buildActionMask = 2147483647;
			files = (
			);
			inputFileListPaths = (
				"${PODS_ROOT}/Target Support Files/Pods-CricFreak/Pods-CricFreak-frameworks-${CONFIGURATION}-input-files.xcfilelist",
			);
			name = "[CP] Embed Pods Frameworks";
			outputFileListPaths = (
				"${PODS_ROOT}/Target Support Files/Pods-CricFreak/Pods-CricFreak-frameworks-${CONFIGURATION}-output-files.xcfilelist",
			);
			runOnlyForDeploymentPostprocessing = 0;
			shellPath = /bin/sh;
			shellScript = "\"${PODS_ROOT}/Target Support Files/Pods-CricFreak/Pods-CricFreak-frameworks.sh\"\n";
			showEnvVarsInLog = 0;
		};
		8958793775D97C36778F879A /* [CP] Check Pods Manifest.lock */ = {
			isa = PBXShellScriptBuildPhase;
			buildActionMask = 2147483647;
			files = (
			);
			inputFileListPaths = (
			);
			inputPaths = (
				"${PODS_PODFILE_DIR_PATH}/Podfile.lock",
				"${PODS_ROOT}/Manifest.lock",
			);
			name = "[CP] Check Pods Manifest.lock";
			outputFileListPaths = (
			);
			outputPaths = (
				"$(DERIVED_FILE_DIR)/Pods-CricFreak-checkManifestLockResult.txt",
			);
			runOnlyForDeploymentPostprocessing = 0;
			shellPath = /bin/sh;
			shellScript = "diff \"${PODS_PODFILE_DIR_PATH}/Podfile.lock\" \"${PODS_ROOT}/Manifest.lock\" > /dev/null\nif [ $? != 0 ] ; then\n    # print error to STDERR\n    echo \"error: The sandbox is not in sync with the Podfile.lock. Run 'pod install' or update your CocoaPods installation.\" >&2\n    exit 1\nfi\n# This output is used by Xcode 'outputs' to avoid re-running this script phase.\necho \"SUCCESS\" > \"${SCRIPT_OUTPUT_FILE_0}\"\n";
			showEnvVarsInLog = 0;
		};
/* End PBXShellScriptBuildPhase section */

/* Begin PBXSourcesBuildPhase section */
		84FDA707299A6016008543D2 /* Sources */ = {
			isa = PBXSourcesBuildPhase;
			buildActionMask = 2147483647;
			files = (
				84583166299CB4C9003F06EB /* HttpUtility.swift in Sources */,
				845831BB29A48D0B003F06EB /* SquadViewModel.swift in Sources */,
				8458317F299CFA71003F06EB /* UpcomingExtension.swift in Sources */,
				845831DB29A60244003F06EB /* SearchModel.swift in Sources */,
				8458314D299C82B6003F06EB /* RecentContainerVC.swift in Sources */,
				84583191299F326A003F06EB /* DetailsViewModel.swift in Sources */,
				845831F529A73FD8003F06EB /* CareerTVC_two.swift in Sources */,
				8458319929A1E702003F06EB /* InfoVC.swift in Sources */,
				84583173299CD3D8003F06EB /* CountryModel.swift in Sources */,
				84583151299C82F6003F06EB /* LiveContainerVC.swift in Sources */,
				845831A629A2089A003F06EB /* InfoURL.swift in Sources */,
				845831D529A5E3FC003F06EB /* SearchVC.swift in Sources */,
				845831EB29A72543003F06EB /* CareerModel.swift in Sources */,
				845831F129A733E3003F06EB /* CareerViewModel.swift in Sources */,
				84583164299CB3D4003F06EB /* RecentModel.swift in Sources */,
				84583177299CD710003F06EB /* UpcomingTblCell.swift in Sources */,
				845831F329A73432003F06EB /* CareerTVC_one.swift in Sources */,
				8458313F299B8A4D003F06EB /* MatchesVC.swift in Sources */,
				845831AE29A32255003F06EB /* ScoreboardURL.swift in Sources */,
				845831E929A724B1003F06EB /* PlayerCareer.swift in Sources */,
				845831C629A4AF76003F06EB /* EasySquadModel.swift in Sources */,
				8458314F299C82E1003F06EB /* UpcomingContainerVC.swift in Sources */,
				8458317D299CEB14003F06EB /* UpcomingContainerViewModel.swift in Sources */,
				84583171299CD2A1003F06EB /* CountryFlagURL.swift in Sources */,
				845831D729A5E408003F06EB /* SearchViewModel.swift in Sources */,
				84583187299E20EE003F06EB /* HomeContainerExtension.swift in Sources */,
				84583161299C929C003F06EB /* RecentExtension.swift in Sources */,
				84583143299BC530003F06EB /* ImageExtension.swift in Sources */,
				845831CC29A5B500003F06EB /* LeagueURL.swift in Sources */,
				845831CF29A5B731003F06EB /* MatchesViewModel.swift in Sources */,
				8458316F299CCDBD003F06EB /* EasyRecentModel.swift in Sources */,
				84583153299C830F003F06EB /* HomeContainerVC.swift in Sources */,
				845831EF29A733C4003F06EB /* CareerVC.swift in Sources */,
				8458319B29A1E717003F06EB /* ScoreboardVC.swift in Sources */,
				845831C129A49018003F06EB /* SquadTVC.swift in Sources */,
				845831D129A5BB9F003F06EB /* LeagueTVC.swift in Sources */,
				845831B529A3884C003F06EB /* ScoreboardExtension.swift in Sources */,
				845831F929A7869A003F06EB /* EasyCareerModel.swift in Sources */,
				845831DF29A60993003F06EB /* Repository.swift in Sources */,
				845831C429A4A025003F06EB /* SquadExtension.swift in Sources */,
				845831E529A60AEA003F06EB /* CoreDataManager.swift in Sources */,
				845831A429A1F790003F06EB /* InfoViewModel.swift in Sources */,
				845831B729A3AC56003F06EB /* EasyScoreboardModel.swift in Sources */,
				845831B929A48AB6003F06EB /* SquadModel.swift in Sources */,
				84FDA719299A6016008543D2 /* CricFreak.xcdatamodeld in Sources */,
				84583169299CB5AC003F06EB /* RecentMatchURL.swift in Sources */,
				845831E729A61464003F06EB /* EasySearchModel.swift in Sources */,
				845831B229A3868E003F06EB /* ScoreboardTVC.swift in Sources */,
				8458319D29A1E727003F06EB /* SquadVC.swift in Sources */,
				84583185299E1D6B003F06EB /* TopCollCell.swift in Sources */,
				8458318D299F1B97003F06EB /* DetailsVC.swift in Sources */,
				8458316D299CCD79003F06EB /* Adapter.swift in Sources */,
				845831E229A60ACE003F06EB /* Players+CoreDataClass.swift in Sources */,
				845831E329A60ACE003F06EB /* Players+CoreDataProperties.swift in Sources */,
				8458315F299C9233003F06EB /* Constants.swift in Sources */,
				845831AA29A3149F003F06EB /* ScoreboardViewModel.swift in Sources */,
				84583183299DFAED003F06EB /* CountryFlags.swift in Sources */,
				845831AC29A3212E003F06EB /* ScoreboardModel.swift in Sources */,
				845831A829A20936003F06EB /* InfoModel.swift in Sources */,
				84583157299C84B9003F06EB /* RecentContainerViewModel.swift in Sources */,
				8458313C299B8008003F06EB /* HomeVC.swift in Sources */,
				845831CA29A5B4C9003F06EB /* LeagueModel.swift in Sources */,
				8458319F29A1EB44003F06EB /* InfoTVC.swift in Sources */,
				8458317A299CEA6E003F06EB /* UpcomingMatchURL.swift in Sources */,
				845831DD29A60515003F06EB /* SearchURL.swift in Sources */,
				845831D929A5EDAA003F06EB /* SearchTVC.swift in Sources */,
				845831BD29A48D9E003F06EB /* SquadURL.swift in Sources */,
				8458315B299C8A62003F06EB /* RecentTblCell.swift in Sources */,
				84FDA70F299A6016008543D2 /* AppDelegate.swift in Sources */,
				84FDA711299A6016008543D2 /* SceneDelegate.swift in Sources */,
				845831C829A4EB5B003F06EB /* DateManager.swift in Sources */,
				8458318F299F30CA003F06EB /* HomeViewModel.swift in Sources */,
				845831F729A75E17003F06EB /* CareerExtension.swift in Sources */,
				8458316B299CC80D003F06EB /* ObservableObject.swift in Sources */,
			);
			runOnlyForDeploymentPostprocessing = 0;
		};
/* End PBXSourcesBuildPhase section */

/* Begin PBXVariantGroup section */
		84FDA714299A6016008543D2 /* Main.storyboard */ = {
			isa = PBXVariantGroup;
			children = (
				84FDA715299A6016008543D2 /* Base */,
			);
			name = Main.storyboard;
			sourceTree = "<group>";
		};
		84FDA71C299A6016008543D2 /* LaunchScreen.storyboard */ = {
			isa = PBXVariantGroup;
			children = (
				84FDA71D299A6016008543D2 /* Base */,
			);
			name = LaunchScreen.storyboard;
			sourceTree = "<group>";
		};
/* End PBXVariantGroup section */

/* Begin XCBuildConfiguration section */
		84FDA720299A6016008543D2 /* Debug */ = {
			isa = XCBuildConfiguration;
			buildSettings = {
				ALWAYS_SEARCH_USER_PATHS = NO;
				CLANG_ANALYZER_NONNULL = YES;
				CLANG_ANALYZER_NUMBER_OBJECT_CONVERSION = YES_AGGRESSIVE;
				CLANG_CXX_LANGUAGE_STANDARD = "gnu++20";
				CLANG_ENABLE_MODULES = YES;
				CLANG_ENABLE_OBJC_ARC = YES;
				CLANG_ENABLE_OBJC_WEAK = YES;
				CLANG_WARN_BLOCK_CAPTURE_AUTORELEASING = YES;
				CLANG_WARN_BOOL_CONVERSION = YES;
				CLANG_WARN_COMMA = YES;
				CLANG_WARN_CONSTANT_CONVERSION = YES;
				CLANG_WARN_DEPRECATED_OBJC_IMPLEMENTATIONS = YES;
				CLANG_WARN_DIRECT_OBJC_ISA_USAGE = YES_ERROR;
				CLANG_WARN_DOCUMENTATION_COMMENTS = YES;
				CLANG_WARN_EMPTY_BODY = YES;
				CLANG_WARN_ENUM_CONVERSION = YES;
				CLANG_WARN_INFINITE_RECURSION = YES;
				CLANG_WARN_INT_CONVERSION = YES;
				CLANG_WARN_NON_LITERAL_NULL_CONVERSION = YES;
				CLANG_WARN_OBJC_IMPLICIT_RETAIN_SELF = YES;
				CLANG_WARN_OBJC_LITERAL_CONVERSION = YES;
				CLANG_WARN_OBJC_ROOT_CLASS = YES_ERROR;
				CLANG_WARN_QUOTED_INCLUDE_IN_FRAMEWORK_HEADER = YES;
				CLANG_WARN_RANGE_LOOP_ANALYSIS = YES;
				CLANG_WARN_STRICT_PROTOTYPES = YES;
				CLANG_WARN_SUSPICIOUS_MOVE = YES;
				CLANG_WARN_UNGUARDED_AVAILABILITY = YES_AGGRESSIVE;
				CLANG_WARN_UNREACHABLE_CODE = YES;
				CLANG_WARN__DUPLICATE_METHOD_MATCH = YES;
				COPY_PHASE_STRIP = NO;
				DEBUG_INFORMATION_FORMAT = dwarf;
				ENABLE_STRICT_OBJC_MSGSEND = YES;
				ENABLE_TESTABILITY = YES;
				GCC_C_LANGUAGE_STANDARD = gnu11;
				GCC_DYNAMIC_NO_PIC = NO;
				GCC_NO_COMMON_BLOCKS = YES;
				GCC_OPTIMIZATION_LEVEL = 0;
				GCC_PREPROCESSOR_DEFINITIONS = (
					"DEBUG=1",
					"$(inherited)",
				);
				GCC_WARN_64_TO_32_BIT_CONVERSION = YES;
				GCC_WARN_ABOUT_RETURN_TYPE = YES_ERROR;
				GCC_WARN_UNDECLARED_SELECTOR = YES;
				GCC_WARN_UNINITIALIZED_AUTOS = YES_AGGRESSIVE;
				GCC_WARN_UNUSED_FUNCTION = YES;
				GCC_WARN_UNUSED_VARIABLE = YES;
				IPHONEOS_DEPLOYMENT_TARGET = 16.2;
				MTL_ENABLE_DEBUG_INFO = INCLUDE_SOURCE;
				MTL_FAST_MATH = YES;
				ONLY_ACTIVE_ARCH = YES;
				SDKROOT = iphoneos;
				SWIFT_ACTIVE_COMPILATION_CONDITIONS = DEBUG;
				SWIFT_OPTIMIZATION_LEVEL = "-Onone";
			};
			name = Debug;
		};
		84FDA721299A6016008543D2 /* Release */ = {
			isa = XCBuildConfiguration;
			buildSettings = {
				ALWAYS_SEARCH_USER_PATHS = NO;
				CLANG_ANALYZER_NONNULL = YES;
				CLANG_ANALYZER_NUMBER_OBJECT_CONVERSION = YES_AGGRESSIVE;
				CLANG_CXX_LANGUAGE_STANDARD = "gnu++20";
				CLANG_ENABLE_MODULES = YES;
				CLANG_ENABLE_OBJC_ARC = YES;
				CLANG_ENABLE_OBJC_WEAK = YES;
				CLANG_WARN_BLOCK_CAPTURE_AUTORELEASING = YES;
				CLANG_WARN_BOOL_CONVERSION = YES;
				CLANG_WARN_COMMA = YES;
				CLANG_WARN_CONSTANT_CONVERSION = YES;
				CLANG_WARN_DEPRECATED_OBJC_IMPLEMENTATIONS = YES;
				CLANG_WARN_DIRECT_OBJC_ISA_USAGE = YES_ERROR;
				CLANG_WARN_DOCUMENTATION_COMMENTS = YES;
				CLANG_WARN_EMPTY_BODY = YES;
				CLANG_WARN_ENUM_CONVERSION = YES;
				CLANG_WARN_INFINITE_RECURSION = YES;
				CLANG_WARN_INT_CONVERSION = YES;
				CLANG_WARN_NON_LITERAL_NULL_CONVERSION = YES;
				CLANG_WARN_OBJC_IMPLICIT_RETAIN_SELF = YES;
				CLANG_WARN_OBJC_LITERAL_CONVERSION = YES;
				CLANG_WARN_OBJC_ROOT_CLASS = YES_ERROR;
				CLANG_WARN_QUOTED_INCLUDE_IN_FRAMEWORK_HEADER = YES;
				CLANG_WARN_RANGE_LOOP_ANALYSIS = YES;
				CLANG_WARN_STRICT_PROTOTYPES = YES;
				CLANG_WARN_SUSPICIOUS_MOVE = YES;
				CLANG_WARN_UNGUARDED_AVAILABILITY = YES_AGGRESSIVE;
				CLANG_WARN_UNREACHABLE_CODE = YES;
				CLANG_WARN__DUPLICATE_METHOD_MATCH = YES;
				COPY_PHASE_STRIP = NO;
				DEBUG_INFORMATION_FORMAT = "dwarf-with-dsym";
				ENABLE_NS_ASSERTIONS = NO;
				ENABLE_STRICT_OBJC_MSGSEND = YES;
				GCC_C_LANGUAGE_STANDARD = gnu11;
				GCC_NO_COMMON_BLOCKS = YES;
				GCC_WARN_64_TO_32_BIT_CONVERSION = YES;
				GCC_WARN_ABOUT_RETURN_TYPE = YES_ERROR;
				GCC_WARN_UNDECLARED_SELECTOR = YES;
				GCC_WARN_UNINITIALIZED_AUTOS = YES_AGGRESSIVE;
				GCC_WARN_UNUSED_FUNCTION = YES;
				GCC_WARN_UNUSED_VARIABLE = YES;
				IPHONEOS_DEPLOYMENT_TARGET = 16.2;
				MTL_ENABLE_DEBUG_INFO = NO;
				MTL_FAST_MATH = YES;
				SDKROOT = iphoneos;
				SWIFT_COMPILATION_MODE = wholemodule;
				SWIFT_OPTIMIZATION_LEVEL = "-O";
				VALIDATE_PRODUCT = YES;
			};
			name = Release;
		};
		84FDA723299A6016008543D2 /* Debug */ = {
			isa = XCBuildConfiguration;
			baseConfigurationReference = 82412A0FF8110C6D046F302D /* Pods-CricFreak.debug.xcconfig */;
			buildSettings = {
				ASSETCATALOG_COMPILER_APPICON_NAME = AppIcon;
				ASSETCATALOG_COMPILER_GLOBAL_ACCENT_COLOR_NAME = AccentColor;
				ASSETCATALOG_COMPILER_INCLUDE_ALL_APPICON_ASSETS = YES;
				CODE_SIGN_STYLE = Automatic;
				CURRENT_PROJECT_VERSION = 1;
				GENERATE_INFOPLIST_FILE = YES;
				INFOPLIST_FILE = CricFreak/Info.plist;
				INFOPLIST_KEY_UIApplicationSupportsIndirectInputEvents = YES;
				INFOPLIST_KEY_UILaunchStoryboardName = LaunchScreen;
				INFOPLIST_KEY_UIMainStoryboardFile = Main;
				INFOPLIST_KEY_UIStatusBarStyle = UIStatusBarStyleDarkContent;
				INFOPLIST_KEY_UISupportedInterfaceOrientations = UIInterfaceOrientationPortrait;
				INFOPLIST_KEY_UISupportedInterfaceOrientations_iPad = "UIInterfaceOrientationLandscapeLeft UIInterfaceOrientationLandscapeRight UIInterfaceOrientationPortrait UIInterfaceOrientationPortraitUpsideDown";
				LD_RUNPATH_SEARCH_PATHS = (
					"$(inherited)",
					"@executable_path/Frameworks",
				);
				MARKETING_VERSION = 1.0;
				PRODUCT_BUNDLE_IDENTIFIER = com.new.Demo.CricFreak;
				PRODUCT_NAME = "$(TARGET_NAME)";
				SWIFT_EMIT_LOC_STRINGS = YES;
				SWIFT_VERSION = 5.0;
				TARGETED_DEVICE_FAMILY = "1,2";
			};
			name = Debug;
		};
		84FDA724299A6016008543D2 /* Release */ = {
			isa = XCBuildConfiguration;
			baseConfigurationReference = 15FCC5AB5495BB95040869C1 /* Pods-CricFreak.release.xcconfig */;
			buildSettings = {
				ASSETCATALOG_COMPILER_APPICON_NAME = AppIcon;
				ASSETCATALOG_COMPILER_GLOBAL_ACCENT_COLOR_NAME = AccentColor;
				ASSETCATALOG_COMPILER_INCLUDE_ALL_APPICON_ASSETS = YES;
				CODE_SIGN_STYLE = Automatic;
				CURRENT_PROJECT_VERSION = 1;
				GENERATE_INFOPLIST_FILE = YES;
				INFOPLIST_FILE = CricFreak/Info.plist;
				INFOPLIST_KEY_UIApplicationSupportsIndirectInputEvents = YES;
				INFOPLIST_KEY_UILaunchStoryboardName = LaunchScreen;
				INFOPLIST_KEY_UIMainStoryboardFile = Main;
				INFOPLIST_KEY_UIStatusBarStyle = UIStatusBarStyleDarkContent;
				INFOPLIST_KEY_UISupportedInterfaceOrientations = UIInterfaceOrientationPortrait;
				INFOPLIST_KEY_UISupportedInterfaceOrientations_iPad = "UIInterfaceOrientationLandscapeLeft UIInterfaceOrientationLandscapeRight UIInterfaceOrientationPortrait UIInterfaceOrientationPortraitUpsideDown";
				LD_RUNPATH_SEARCH_PATHS = (
					"$(inherited)",
					"@executable_path/Frameworks",
				);
				MARKETING_VERSION = 1.0;
				PRODUCT_BUNDLE_IDENTIFIER = com.new.Demo.CricFreak;
				PRODUCT_NAME = "$(TARGET_NAME)";
				SWIFT_EMIT_LOC_STRINGS = YES;
				SWIFT_VERSION = 5.0;
				TARGETED_DEVICE_FAMILY = "1,2";
			};
			name = Release;
		};
/* End XCBuildConfiguration section */

/* Begin XCConfigurationList section */
		84FDA706299A6016008543D2 /* Build configuration list for PBXProject "CricFreak" */ = {
			isa = XCConfigurationList;
			buildConfigurations = (
				84FDA720299A6016008543D2 /* Debug */,
				84FDA721299A6016008543D2 /* Release */,
			);
			defaultConfigurationIsVisible = 0;
			defaultConfigurationName = Release;
		};
		84FDA722299A6016008543D2 /* Build configuration list for PBXNativeTarget "CricFreak" */ = {
			isa = XCConfigurationList;
			buildConfigurations = (
				84FDA723299A6016008543D2 /* Debug */,
				84FDA724299A6016008543D2 /* Release */,
			);
			defaultConfigurationIsVisible = 0;
			defaultConfigurationName = Release;
		};
/* End XCConfigurationList section */

/* Begin XCVersionGroup section */
		84FDA717299A6016008543D2 /* CricFreak.xcdatamodeld */ = {
			isa = XCVersionGroup;
			children = (
				84FDA718299A6016008543D2 /* CricFreak.xcdatamodel */,
			);
			currentVersion = 84FDA718299A6016008543D2 /* CricFreak.xcdatamodel */;
			path = CricFreak.xcdatamodeld;
			sourceTree = "<group>";
			versionGroupType = wrapper.xcdatamodel;
		};
/* End XCVersionGroup section */
	};
	rootObject = 84FDA703299A6016008543D2 /* Project object */;
}
